
Microsoft Visual Studio Solution File, Format Version 12.00
# Visual Studio Version 17
VisualStudioVersion = 17.9.34701.34
MinimumVisualStudioVersion = 10.0.40219.1
Project("{FAE04EC0-301F-11D3-BF4B-00C04F79EFBC}") = "Lab1_Cau2_ToanRoiRac", "Lab1_Cau2_ToanRoiRac\Lab1_Cau2_ToanRoiRac.csproj", "{DBC7919B-67A9-44D4-BDE7-C1195C580DE0}"
EndProject
Global
	GlobalSection(SolutionConfigurationPlatforms) = preSolution
		Debug|Any CPU = Debug|Any CPU
		Release|Any CPU = Release|Any CPU
	EndGlobalSection
	GlobalSection(ProjectConfigurationPlatforms) = postSolution
		{DBC7919B-67A9-44D4-BDE7-C1195C580DE0}.Debug|Any CPU.ActiveCfg = Debug|Any CPU
		{DBC7919B-67A9-44D4-BDE7-C1195C580DE0}.Debug|Any CPU.Build.0 = Debug|Any CPU
		{DBC7919B-67A9-44D4-BDE7-C1195C580DE0}.Release|Any CPU.ActiveCfg = Release|Any CPU
		{DBC7919B-67A9-44D4-BDE7-C1195C580DE0}.Release|Any CPU.Build.0 = Release|Any CPU
	EndGlobalSection
	GlobalSection(SolutionProperties) = preSolution
		HideSolutionNode = FALSE
	EndGlobalSection
	GlobalSection(ExtensibilityGlobals) = postSolution
		SolutionGuid = {AE3C2CD5-1710-41A1-A945-ACB2C70CFD17}
	EndGlobalSection
EndGlobal
